
Microsoft Visual Studio Solution File, Format Version 11.00
# Visual Studio 2010
Project("{FAE04EC0-301F-11D3-BF4B-00C04F79EFBC}") = "CRUDmvc", "CRUDmvc\CRUDmvc.csproj", "{06D634D6-9AA3-4CF9-B832-93529C0AA174}"
EndProject
Global
	GlobalSection(SolutionConfigurationPlatforms) = preSolution
		Debug|Any CPU = Debug|Any CPU
		Release|Any CPU = Release|Any CPU
	EndGlobalSection
	GlobalSection(ProjectConfigurationPlatforms) = postSolution
		{06D634D6-9AA3-4CF9-B832-93529C0AA174}.Debug|Any CPU.ActiveCfg = Debug|Any CPU
		{06D634D6-9AA3-4CF9-B832-93529C0AA174}.Debug|Any CPU.Build.0 = Debug|Any CPU
		{06D634D6-9AA3-4CF9-B832-93529C0AA174}.Release|Any CPU.ActiveCfg = Release|Any CPU
		{06D634D6-9AA3-4CF9-B832-93529C0AA174}.Release|Any CPU.Build.0 = Release|Any CPU
	EndGlobalSection
	GlobalSection(SolutionProperties) = preSolution
		HideSolutionNode = FALSE
	EndGlobalSection
EndGlobal
